
Microsoft Visual Studio Solution File, Format Version 12.00
# Visual Studio Version 17
VisualStudioVersion = 17.10.35122.118
MinimumVisualStudioVersion = 10.0.40219.1
Project("{FAE04EC0-301F-11D3-BF4B-00C04F79EFBC}") = "BlogLab.Web", "BlogLab.Web\BlogLab.Web.csproj", "{F8E28DAF-3C1D-4D02-ACDE-7E344AA5A095}"
EndProject
Global
	GlobalSection(SolutionConfigurationPlatforms) = preSolution
		Debug|Any CPU = Debug|Any CPU
		Release|Any CPU = Release|Any CPU
	EndGlobalSection
	GlobalSection(ProjectConfigurationPlatforms) = postSolution
		{F8E28DAF-3C1D-4D02-ACDE-7E344AA5A095}.Debug|Any CPU.ActiveCfg = Debug|Any CPU
		{F8E28DAF-3C1D-4D02-ACDE-7E344AA5A095}.Debug|Any CPU.Build.0 = Debug|Any CPU
		{F8E28DAF-3C1D-4D02-ACDE-7E344AA5A095}.Release|Any CPU.ActiveCfg = Release|Any CPU
		{F8E28DAF-3C1D-4D02-ACDE-7E344AA5A095}.Release|Any CPU.Build.0 = Release|Any CPU
	EndGlobalSection
	GlobalSection(SolutionProperties) = preSolution
		HideSolutionNode = FALSE
	EndGlobalSection
	GlobalSection(ExtensibilityGlobals) = postSolution
		SolutionGuid = {6F108A85-2F1D-42A0-894A-D9881DA66DE3}
	EndGlobalSection
EndGlobal
